
Microsoft Visual Studio Solution File, Format Version 12.00
# Visual Studio Version 16
VisualStudioVersion = 16.0.30225.117
MinimumVisualStudioVersion = 10.0.40219.1
Project("{FAE04EC0-301F-11D3-BF4B-00C04F79EFBC}") = "TestSerilog", "TestSerilog.csproj", "{993495CA-0070-4FD0-A654-2525FBC2909B}"
EndProject
Global
	GlobalSection(SolutionConfigurationPlatforms) = preSolution
		Debug|Any CPU = Debug|Any CPU
		Release|Any CPU = Release|Any CPU
	EndGlobalSection
	GlobalSection(ProjectConfigurationPlatforms) = postSolution
		{993495CA-0070-4FD0-A654-2525FBC2909B}.Debug|Any CPU.ActiveCfg = Debug|Any CPU
		{993495CA-0070-4FD0-A654-2525FBC2909B}.Debug|Any CPU.Build.0 = Debug|Any CPU
		{993495CA-0070-4FD0-A654-2525FBC2909B}.Release|Any CPU.ActiveCfg = Release|Any CPU
		{993495CA-0070-4FD0-A654-2525FBC2909B}.Release|Any CPU.Build.0 = Release|Any CPU
	EndGlobalSection
	GlobalSection(SolutionProperties) = preSolution
		HideSolutionNode = FALSE
	EndGlobalSection
	GlobalSection(ExtensibilityGlobals) = postSolution
		SolutionGuid = {C50134D7-D5FB-4175-BEE6-4C7A06CAFBF6}
	EndGlobalSection
EndGlobal
